{
  "name": "jetsonjsserver",
  "version": "1.0.0",
  "lockfileVersion": 1,
  "requires": true,
  "dependencies": {
    "ansi-regex": {
      "version": "0.2.1",
      "resolved": "https://registry.npmjs.org/ansi-regex/-/ansi-regex-0.2.1.tgz",
      "integrity": "sha1-DY6UaWej2BQ/k+JOKYUl/BsiNfk="
    },
    "ansi-styles": {
      "version": "1.1.0",
      "resolved": "https://registry.npmjs.org/ansi-styles/-/ansi-styles-1.1.0.tgz",
      "integrity": "sha1-6uy/Zs1waIJ2Cy9GkVgrj1XXp94="
    },
    "array-back": {
      "version": "1.0.4",
      "resolved": "https://registry.npmjs.org/array-back/-/array-back-1.0.4.tgz",
      "integrity": "sha1-ZEun8JX3/898Q7Xw3DnTwfA8Bjs=",
      "requires": {
        "typical": "^2.6.0"
      }
    },
    "async": {
      "version": "2.6.1",
      "resolved": "https://registry.npmjs.org/async/-/async-2.6.1.tgz",
      "integrity": "sha1-skWiPKcZMAROxT+kaqAKPofGphA=",
      "requires": {
        "lodash": "^4.17.10"
      }
    },
    "async-limiter": {
      "version": "1.0.0",
      "resolved": "https://registry.npmjs.org/async-limiter/-/async-limiter-1.0.0.tgz",
      "integrity": "sha1-ePrtjD0HSrgfIrTphdeehzj3IPg="
    },
    "chalk": {
      "version": "0.5.1",
      "resolved": "http://registry.npmjs.org/chalk/-/chalk-0.5.1.tgz",
      "integrity": "sha1-Zjs6ZItotV0EaQ1JFnqoN4WPIXQ=",
      "requires": {
        "ansi-styles": "^1.1.0",
        "escape-string-regexp": "^1.0.0",
        "has-ansi": "^0.1.0",
        "strip-ansi": "^0.3.0",
        "supports-color": "^0.2.0"
      }
    },
    "color-convert": {
      "version": "1.9.3",
      "resolved": "https://registry.npmjs.org/color-convert/-/color-convert-1.9.3.tgz",
      "integrity": "sha512-QfAUtd+vFdAtFQcC8CCyYt1fYWxSqAiK2cSD6zDB8N3cpsEBAvRxp9zOGg6G/SHHJYAT88/az/IuDGALsNVbGg==",
      "requires": {
        "color-name": "1.1.3"
      }
    },
    "color-name": {
      "version": "1.1.3",
      "resolved": "https://registry.npmjs.org/color-name/-/color-name-1.1.3.tgz",
      "integrity": "sha1-p9BVi9icQveV3UIyj3QIMcpTvCU="
    },
    "colors": {
      "version": "1.3.2",
      "resolved": "https://registry.npmjs.org/colors/-/colors-1.3.2.tgz",
      "integrity": "sha512-rhP0JSBGYvpcNQj4s5AdShMeE5ahMop96cTeDl/v9qQQm2fYClE2QXZRi8wLzc+GmXSxdIqqbOIAhyObEXDbfQ=="
    },
    "command-line-args": {
      "version": "3.0.5",
      "resolved": "https://registry.npmjs.org/command-line-args/-/command-line-args-3.0.5.tgz",
      "integrity": "sha1-W9StReeYPlwTRJGOQCgO4mk8WsA=",
      "requires": {
        "array-back": "^1.0.4",
        "feature-detect-es6": "^1.3.1",
        "find-replace": "^1.0.2",
        "typical": "^2.6.0"
      }
    },
    "command-line-usage": {
      "version": "5.0.5",
      "resolved": "https://registry.npmjs.org/command-line-usage/-/command-line-usage-5.0.5.tgz",
      "integrity": "sha512-d8NrGylA5oCXSbGoKz05FkehDAzSmIm4K03S5VDh4d5lZAtTWfc3D1RuETtuQCn8129nYfJfDdF7P/lwcz1BlA==",
      "requires": {
        "array-back": "^2.0.0",
        "chalk": "^2.4.1",
        "table-layout": "^0.4.3",
        "typical": "^2.6.1"
      },
      "dependencies": {
        "ansi-styles": {
          "version": "3.2.1",
          "resolved": "https://registry.npmjs.org/ansi-styles/-/ansi-styles-3.2.1.tgz",
          "integrity": "sha512-VT0ZI6kZRdTh8YyJw3SMbYm/u+NqfsAxEpWO0Pf9sq8/e94WxxOpPKx9FR1FlyCtOVDNOQ+8ntlqFxiRc+r5qA==",
          "requires": {
            "color-convert": "^1.9.0"
          }
        },
        "array-back": {
          "version": "2.0.0",
          "resolved": "https://registry.npmjs.org/array-back/-/array-back-2.0.0.tgz",
          "integrity": "sha512-eJv4pLLufP3g5kcZry0j6WXpIbzYw9GUB4mVJZno9wfwiBxbizTnHCw3VJb07cBihbFX48Y7oSrW9y+gt4glyw==",
          "requires": {
            "typical": "^2.6.1"
          }
        },
        "chalk": {
          "version": "2.4.2",
          "resolved": "http://registry.npmjs.org/chalk/-/chalk-2.4.2.tgz",
          "integrity": "sha512-Mti+f9lpJNcwF4tWV8/OrTTtF1gZi+f8FqlyAdouralcFWFQWF2+NgCHShjkCb+IFBLq9buZwE1xckQU4peSuQ==",
          "requires": {
            "ansi-styles": "^3.2.1",
            "escape-string-regexp": "^1.0.5",
            "supports-color": "^5.3.0"
          }
        },
        "supports-color": {
          "version": "5.5.0",
          "resolved": "https://registry.npmjs.org/supports-color/-/supports-color-5.5.0.tgz",
          "integrity": "sha512-QjVjwdXIt408MIiAqCX4oUKsgU2EqAGzs2Ppkm4aQYbjm+ZEWEcW4SfFNTr4uMNZma0ey4f5lgLrkB0aX0QMow==",
          "requires": {
            "has-flag": "^3.0.0"
          }
        }
      }
    },
    "commander": {
      "version": "2.17.1",
      "resolved": "https://registry.npmjs.org/commander/-/commander-2.17.1.tgz",
      "integrity": "sha512-wPMUt6FnH2yzG95SA6mzjQOEKUU3aLaDEmzs1ti+1E9h+CsrZghRlqEM/EJ4KscsQVG8uNN4uVreUeT8+drlgg=="
    },
    "deep-extend": {
      "version": "0.6.0",
      "resolved": "https://registry.npmjs.org/deep-extend/-/deep-extend-0.6.0.tgz",
      "integrity": "sha512-LOHxIOaPYdHlJRtCQfDIVZtfw/ufM8+rVj649RIHzcm/vGwQRXFt6OPqIFWsm2XEMrNIEtWR64sY1LEKD2vAOA=="
    },
    "escape-string-regexp": {
      "version": "1.0.5",
      "resolved": "https://registry.npmjs.org/escape-string-regexp/-/escape-string-regexp-1.0.5.tgz",
      "integrity": "sha1-G2HAViGQqN/2rjuyzwIAyhMLhtQ="
    },
    "feature-detect-es6": {
      "version": "1.5.0",
      "resolved": "https://registry.npmjs.org/feature-detect-es6/-/feature-detect-es6-1.5.0.tgz",
      "integrity": "sha512-DzWPIGzTnfp3/KK1d/YPfmgLqeDju9F2DQYBL35VusgSApcA7XGqVtXfR4ETOOFEzdFJ3J7zh0Gkk011TiA4uQ==",
      "requires": {
        "array-back": "^1.0.4"
      }
    },
    "file-size": {
      "version": "0.0.5",
      "resolved": "https://registry.npmjs.org/file-size/-/file-size-0.0.5.tgz",
      "integrity": "sha1-BX1Dw6Ptc12j+Q1gUqs4Dx5tXjs="
    },
    "find-replace": {
      "version": "1.0.3",
      "resolved": "https://registry.npmjs.org/find-replace/-/find-replace-1.0.3.tgz",
      "integrity": "sha1-uI5zZNLZyVlVnziMZmcNYTBEH6A=",
      "requires": {
        "array-back": "^1.0.4",
        "test-value": "^2.1.0"
      }
    },
    "fs": {
      "version": "0.0.1-security",
      "resolved": "https://registry.npmjs.org/fs/-/fs-0.0.1-security.tgz",
      "integrity": "sha1-invTcYa23d84E/I4WLV+yq9eQdQ="
    },
    "has-ansi": {
      "version": "0.1.0",
      "resolved": "https://registry.npmjs.org/has-ansi/-/has-ansi-0.1.0.tgz",
      "integrity": "sha1-hPJlqujA5qiKEtcCKJS3VoiUxi4=",
      "requires": {
        "ansi-regex": "^0.2.0"
      }
    },
    "has-flag": {
      "version": "3.0.0",
      "resolved": "https://registry.npmjs.org/has-flag/-/has-flag-3.0.0.tgz",
      "integrity": "sha1-tdRU3CGZriJWmfNGfloH87lVuv0="
    },
    "http": {
      "version": "0.0.0",
      "resolved": "https://registry.npmjs.org/http/-/http-0.0.0.tgz",
      "integrity": "sha1-huYybSnF0Dnen6xYSkVon5KfT3I="
    },
    "is-wsl": {
      "version": "1.1.0",
      "resolved": "https://registry.npmjs.org/is-wsl/-/is-wsl-1.1.0.tgz",
      "integrity": "sha1-HxbkqiKwTRM2tmGIpmrzxgDDpm0="
    },
    "lodash": {
      "version": "4.17.20",
      "resolved": "https://registry.npmjs.org/lodash/-/lodash-4.17.20.tgz",
      "integrity": "sha512-PlhdFcillOINfeV7Ni6oF1TAEayyZBoZ8bcshTHqOYJYlrqzRK5hagpagky5o4HfCzzd1TRkXPMFq6cKk9rGmA=="
    },
    "lodash.padend": {
      "version": "4.6.1",
      "resolved": "https://registry.npmjs.org/lodash.padend/-/lodash.padend-4.6.1.tgz",
      "integrity": "sha1-U8y6BH0G4VjTEfRdpiX05J5vFm4="
    },
    "mime": {
      "version": "1.6.0",
      "resolved": "https://registry.npmjs.org/mime/-/mime-1.6.0.tgz",
      "integrity": "sha512-x0Vn8spI+wuJ1O6S7gnbaQg8Pxh4NNHb7KSINmEWKiPE4RKOplvijn+NkmYmmRgP68mc70j2EbeTFRsrswaQeg=="
    },
    "minimist": {
      "version": "0.0.10",
      "resolved": "http://registry.npmjs.org/minimist/-/minimist-0.0.10.tgz",
      "integrity": "sha1-3j+YVD2/lggr5IrRoMfNqDYwHc8="
    },
    "node-static": {
      "version": "0.7.10",
      "resolved": "https://registry.npmjs.org/node-static/-/node-static-0.7.10.tgz",
      "integrity": "sha512-bd7zO5hvCWzdglgwz9t82T4mYTEUzEG5pXnSqEzitvmEacusbhl8/VwuCbMaYR9g2PNK5191yBtAEQLJEmQh1A==",
      "requires": {
        "colors": ">=0.6.0",
        "mime": "^1.2.9",
        "optimist": ">=0.3.4"
      }
    },
    "node-wifi": {
      "version": "2.0.12",
      "resolved": "https://registry.npmjs.org/node-wifi/-/node-wifi-2.0.12.tgz",
      "integrity": "sha512-fYQkKjXhctYF5Tx/oYL2dSmbPhTZyIcmBtdN4iwRDSuDX92mY+5XRVCPVLCQLA5PrEYOYi4CL1veL3ayZjiZ6Q==",
      "requires": {
        "command-line-args": "^3.0.1",
        "command-line-usage": "^5.0.5"
      }
    },
    "opn": {
      "version": "5.3.0",
      "resolved": "https://registry.npmjs.org/opn/-/opn-5.3.0.tgz",
      "integrity": "sha512-bYJHo/LOmoTd+pfiYhfZDnf9zekVJrY+cnS2a5F2x+w5ppvTqObojTP7WiFG+kVZs9Inw+qQ/lw7TroWwhdd2g==",
      "requires": {
        "is-wsl": "^1.1.0"
      }
    },
    "optimist": {
      "version": "0.6.1",
      "resolved": "https://registry.npmjs.org/optimist/-/optimist-0.6.1.tgz",
      "integrity": "sha1-2j6nRob6IaGaERwybpDrFaAZZoY=",
      "requires": {
        "minimist": "~0.0.1",
        "wordwrap": "~0.0.2"
      }
    },
    "pi-wifi": {
      "version": "1.2.0",
      "resolved": "https://registry.npmjs.org/pi-wifi/-/pi-wifi-1.2.0.tgz",
      "integrity": "sha1-hxrt3Pjd0huhlLGBHPSiksCMWmA=",
      "requires": {
        "async": "^2.1.5",
        "wireless-tools": "^0.19.0"
      }
    },
    "reduce-flatten": {
      "version": "1.0.1",
      "resolved": "https://registry.npmjs.org/reduce-flatten/-/reduce-flatten-1.0.1.tgz",
      "integrity": "sha1-JYx479FT3fk8tWEjf2EYTzaW4yc="
    },
    "static-server": {
      "version": "2.2.1",
      "resolved": "https://registry.npmjs.org/static-server/-/static-server-2.2.1.tgz",
      "integrity": "sha512-j5eeW6higxYNmXMIT8iHjsdiViTpQDthg7o+SHsRtqdbxscdHqBHXwrXjHC8hL3F0Tsu34ApUpDkwzMBPBsrLw==",
      "requires": {
        "chalk": "^0.5.1",
        "commander": "^2.3.0",
        "file-size": "0.0.5",
        "mime": "^1.2.11",
        "opn": "^5.2.0"
      }
    },
    "strip-ansi": {
      "version": "0.3.0",
      "resolved": "https://registry.npmjs.org/strip-ansi/-/strip-ansi-0.3.0.tgz",
      "integrity": "sha1-JfSOoiynkYfzF0pNuHWTR7sSYiA=",
      "requires": {
        "ansi-regex": "^0.2.1"
      }
    },
    "supports-color": {
      "version": "0.2.0",
      "resolved": "https://registry.npmjs.org/supports-color/-/supports-color-0.2.0.tgz",
      "integrity": "sha1-2S3iaU6z9nMjlz1649i1W0wiGQo="
    },
    "table-layout": {
      "version": "0.4.5",
      "resolved": "https://registry.npmjs.org/table-layout/-/table-layout-0.4.5.tgz",
      "integrity": "sha512-zTvf0mcggrGeTe/2jJ6ECkJHAQPIYEwDoqsiqBjI24mvRmQbInK5jq33fyypaCBxX08hMkfmdOqj6haT33EqWw==",
      "requires": {
        "array-back": "^2.0.0",
        "deep-extend": "~0.6.0",
        "lodash.padend": "^4.6.1",
        "typical": "^2.6.1",
        "wordwrapjs": "^3.0.0"
      },
      "dependencies": {
        "array-back": {
          "version": "2.0.0",
          "resolved": "https://registry.npmjs.org/array-back/-/array-back-2.0.0.tgz",
          "integrity": "sha512-eJv4pLLufP3g5kcZry0j6WXpIbzYw9GUB4mVJZno9wfwiBxbizTnHCw3VJb07cBihbFX48Y7oSrW9y+gt4glyw==",
          "requires": {
            "typical": "^2.6.1"
          }
        }
      }
    },
    "test-value": {
      "version": "2.1.0",
      "resolved": "https://registry.npmjs.org/test-value/-/test-value-2.1.0.tgz",
      "integrity": "sha1-Edpv9nDzRxpztiXKTz/c97t0gpE=",
      "requires": {
        "array-back": "^1.0.3",
        "typical": "^2.6.0"
      }
    },
    "typical": {
      "version": "2.6.1",
      "resolved": "https://registry.npmjs.org/typical/-/typical-2.6.1.tgz",
      "integrity": "sha1-XAgOXWYcu+OCWdLnCjxyU+hziB0="
    },
    "wireless-tools": {
      "version": "0.19.0",
      "resolved": "https://registry.npmjs.org/wireless-tools/-/wireless-tools-0.19.0.tgz",
      "integrity": "sha1-Z/tzzTcfLZujue8lNACjH4x4SxE="
    },
    "wordwrap": {
      "version": "0.0.3",
      "resolved": "https://registry.npmjs.org/wordwrap/-/wordwrap-0.0.3.tgz",
      "integrity": "sha1-o9XabNXAvAAI03I0u68b7WMFkQc="
    },
    "wordwrapjs": {
      "version": "3.0.0",
      "resolved": "https://registry.npmjs.org/wordwrapjs/-/wordwrapjs-3.0.0.tgz",
      "integrity": "sha512-mO8XtqyPvykVCsrwj5MlOVWvSnCdT+C+QVbm6blradR7JExAhbkZ7hZ9A+9NUtwzSqrlUo9a67ws0EiILrvRpw==",
      "requires": {
        "reduce-flatten": "^1.0.1",
        "typical": "^2.6.1"
      }
    },
    "wrench": {
      "version": "1.5.9",
      "resolved": "https://registry.npmjs.org/wrench/-/wrench-1.5.9.tgz",
      "integrity": "sha1-QRaRxjqbJTGxcAJnJ5veyiOyFCo="
    },
    "ws": {
      "version": "6.0.0",
      "resolved": "https://registry.npmjs.org/ws/-/ws-6.0.0.tgz",
      "integrity": "sha1-6qSUre0ArEKJ1FW6yNhMfGUc7zU=",
      "requires": {
        "async-limiter": "~1.0.0"
      }
    }
  }
}
